
Microsoft Visual Studio Solution File, Format Version 11.00
# Visual C# Express 2010
Project("{FAE04EC0-301F-11D3-BF4B-00C04F79EFBC}") = "FractionCalculator - Michael Kestner", "FractionCalculator - Michael Kestner\FractionCalculator - Michael Kestner.csproj", "{3BC917F6-A3CD-43F0-8A1B-BC8EFDDBB3F2}"
EndProject
Global
	GlobalSection(SolutionConfigurationPlatforms) = preSolution
		Debug|x86 = Debug|x86
		Release|x86 = Release|x86
	EndGlobalSection
	GlobalSection(ProjectConfigurationPlatforms) = postSolution
		{3BC917F6-A3CD-43F0-8A1B-BC8EFDDBB3F2}.Debug|x86.ActiveCfg = Debug|x86
		{3BC917F6-A3CD-43F0-8A1B-BC8EFDDBB3F2}.Debug|x86.Build.0 = Debug|x86
		{3BC917F6-A3CD-43F0-8A1B-BC8EFDDBB3F2}.Release|x86.ActiveCfg = Release|x86
		{3BC917F6-A3CD-43F0-8A1B-BC8EFDDBB3F2}.Release|x86.Build.0 = Release|x86
	EndGlobalSection
	GlobalSection(SolutionProperties) = preSolution
		HideSolutionNode = FALSE
	EndGlobalSection
EndGlobal
